
Microsoft Visual Studio Solution File, Format Version 12.00
# Visual Studio Version 16
VisualStudioVersion = 16.0.31515.178
MinimumVisualStudioVersion = 10.0.40219.1
Project("{2150E333-8FDC-42A3-9474-1A3956D46DE8}") = "src", "src", "{F7ED85D7-F0C4-4D3B-9018-15FD1873C787}"
EndProject
Project("{2150E333-8FDC-42A3-9474-1A3956D46DE8}") = "Core", "Core", "{61CDDB86-D557-4880-8437-9E3AB5D6F7E1}"
EndProject
Project("{2150E333-8FDC-42A3-9474-1A3956D46DE8}") = "test", "test", "{143671D1-B1D5-47A3-935B-374380D1A476}"
EndProject
Project("{9A19103F-16F7-4668-BE54-9A1E7A4F7556}") = "Domain", "Domain\Domain.csproj", "{3E9D7B55-308A-47E8-89C8-25F32565CDAF}"
EndProject
Project("{9A19103F-16F7-4668-BE54-9A1E7A4F7556}") = "Application", "Application\Application.csproj", "{88539FD4-135C-47AF-8CAF-72D4CDDBD38D}"
EndProject
Project("{FAE04EC0-301F-11D3-BF4B-00C04F79EFBC}") = "API", "API\API.csproj", "{E835E3E5-3802-4402-85DE-5707205A47E9}"
EndProject
Project("{FAE04EC0-301F-11D3-BF4B-00C04F79EFBC}") = "Infrastructure", "Infrastructure\Infrastructure.csproj", "{6977FFBC-9DB0-4D55-8BA8-CF41F95BD259}"
EndProject
Global
	GlobalSection(SolutionConfigurationPlatforms) = preSolution
		Debug|Any CPU = Debug|Any CPU
		Release|Any CPU = Release|Any CPU
	EndGlobalSection
	GlobalSection(ProjectConfigurationPlatforms) = postSolution
		{3E9D7B55-308A-47E8-89C8-25F32565CDAF}.Debug|Any CPU.ActiveCfg = Debug|Any CPU
		{3E9D7B55-308A-47E8-89C8-25F32565CDAF}.Debug|Any CPU.Build.0 = Debug|Any CPU
		{3E9D7B55-308A-47E8-89C8-25F32565CDAF}.Release|Any CPU.ActiveCfg = Release|Any CPU
		{3E9D7B55-308A-47E8-89C8-25F32565CDAF}.Release|Any CPU.Build.0 = Release|Any CPU
		{88539FD4-135C-47AF-8CAF-72D4CDDBD38D}.Debug|Any CPU.ActiveCfg = Debug|Any CPU
		{88539FD4-135C-47AF-8CAF-72D4CDDBD38D}.Debug|Any CPU.Build.0 = Debug|Any CPU
		{88539FD4-135C-47AF-8CAF-72D4CDDBD38D}.Release|Any CPU.ActiveCfg = Release|Any CPU
		{88539FD4-135C-47AF-8CAF-72D4CDDBD38D}.Release|Any CPU.Build.0 = Release|Any CPU
		{E835E3E5-3802-4402-85DE-5707205A47E9}.Debug|Any CPU.ActiveCfg = Debug|Any CPU
		{E835E3E5-3802-4402-85DE-5707205A47E9}.Debug|Any CPU.Build.0 = Debug|Any CPU
		{E835E3E5-3802-4402-85DE-5707205A47E9}.Release|Any CPU.ActiveCfg = Release|Any CPU
		{E835E3E5-3802-4402-85DE-5707205A47E9}.Release|Any CPU.Build.0 = Release|Any CPU
		{6977FFBC-9DB0-4D55-8BA8-CF41F95BD259}.Debug|Any CPU.ActiveCfg = Debug|Any CPU
		{6977FFBC-9DB0-4D55-8BA8-CF41F95BD259}.Debug|Any CPU.Build.0 = Debug|Any CPU
		{6977FFBC-9DB0-4D55-8BA8-CF41F95BD259}.Release|Any CPU.ActiveCfg = Release|Any CPU
		{6977FFBC-9DB0-4D55-8BA8-CF41F95BD259}.Release|Any CPU.Build.0 = Release|Any CPU
	EndGlobalSection
	GlobalSection(SolutionProperties) = preSolution
		HideSolutionNode = FALSE
	EndGlobalSection
	GlobalSection(NestedProjects) = preSolution
		{61CDDB86-D557-4880-8437-9E3AB5D6F7E1} = {F7ED85D7-F0C4-4D3B-9018-15FD1873C787}
		{3E9D7B55-308A-47E8-89C8-25F32565CDAF} = {61CDDB86-D557-4880-8437-9E3AB5D6F7E1}
		{88539FD4-135C-47AF-8CAF-72D4CDDBD38D} = {61CDDB86-D557-4880-8437-9E3AB5D6F7E1}
		{E835E3E5-3802-4402-85DE-5707205A47E9} = {F7ED85D7-F0C4-4D3B-9018-15FD1873C787}
		{6977FFBC-9DB0-4D55-8BA8-CF41F95BD259} = {F7ED85D7-F0C4-4D3B-9018-15FD1873C787}
	EndGlobalSection
	GlobalSection(ExtensibilityGlobals) = postSolution
		SolutionGuid = {F0CF2667-ABF2-4CA2-8D8E-A3B2BF337908}
	EndGlobalSection
EndGlobal
